
Microsoft Visual Studio Solution File, Format Version 12.00
# Visual Studio 2017
Project("{FAE04EC0-301F-11D3-BF4B-00C04F79EFBC}") = "RPG2D", "RPG2D.csproj", "{41D39674-AF9D-A731-0DF3-6C34F3510B66}"
EndProject
Project("{FAE04EC0-301F-11D3-BF4B-00C04F79EFBC}") = "RPG2D.Plugins", "RPG2D.Plugins.csproj", "{2D714709-7560-EFD2-19B5-28DF61FFB223}"
EndProject
Project("{FAE04EC0-301F-11D3-BF4B-00C04F79EFBC}") = "RPG2D.Editor", "RPG2D.Editor.csproj", "{88CD3157-8F4C-D453-29F8-22E1514202BD}"
EndProject
Global
	GlobalSection(SolutionConfigurationPlatforms) = preSolution
		Debug|Any CPU = Debug|Any CPU
		Release|Any CPU = Release|Any CPU
	EndGlobalSection
	GlobalSection(ProjectConfigurationPlatforms) = postSolution
		{41D39674-AF9D-A731-0DF3-6C34F3510B66}.Debug|Any CPU.ActiveCfg = Debug|Any CPU
		{41D39674-AF9D-A731-0DF3-6C34F3510B66}.Debug|Any CPU.Build.0 = Debug|Any CPU
		{41D39674-AF9D-A731-0DF3-6C34F3510B66}.Release|Any CPU.ActiveCfg = Release|Any CPU
		{41D39674-AF9D-A731-0DF3-6C34F3510B66}.Release|Any CPU.Build.0 = Release|Any CPU
		{2D714709-7560-EFD2-19B5-28DF61FFB223}.Debug|Any CPU.ActiveCfg = Debug|Any CPU
		{2D714709-7560-EFD2-19B5-28DF61FFB223}.Debug|Any CPU.Build.0 = Debug|Any CPU
		{2D714709-7560-EFD2-19B5-28DF61FFB223}.Release|Any CPU.ActiveCfg = Release|Any CPU
		{2D714709-7560-EFD2-19B5-28DF61FFB223}.Release|Any CPU.Build.0 = Release|Any CPU
		{88CD3157-8F4C-D453-29F8-22E1514202BD}.Debug|Any CPU.ActiveCfg = Debug|Any CPU
		{88CD3157-8F4C-D453-29F8-22E1514202BD}.Debug|Any CPU.Build.0 = Debug|Any CPU
		{88CD3157-8F4C-D453-29F8-22E1514202BD}.Release|Any CPU.ActiveCfg = Release|Any CPU
		{88CD3157-8F4C-D453-29F8-22E1514202BD}.Release|Any CPU.Build.0 = Release|Any CPU
	EndGlobalSection
	GlobalSection(SolutionProperties) = preSolution
		HideSolutionNode = FALSE
	EndGlobalSection
EndGlobal
